// !$*UTF8*$!
{
	archiveVersion = 1;
	classes = {
	};
	objectVersion = 46;
	objects = {

/* Begin PBXBuildFile section */
		3CB09C2C8CD47F3AFD8ECF2C /* Pods.framework in Frameworks */ = {isa = PBXBuildFile; fileRef = AD0E0F201B32E58021EC5FC9 /* Pods.framework */; };
		4C41CE541BF1198200133A5F /* SimpleNotificationCell.swift in Sources */ = {isa = PBXBuildFile; fileRef = 4C41CE531BF1198200133A5F /* SimpleNotificationCell.swift */; };
		4C8EC6361C02871F00CB8980 /* FBLoginCell.swift in Sources */ = {isa = PBXBuildFile; fileRef = 4C8EC6351C02871F00CB8980 /* FBLoginCell.swift */; };
		4C9411441C1B7C1A00C6279D /* ShakeAnimation.swift in Sources */ = {isa = PBXBuildFile; fileRef = 4C9411431C1B7C1A00C6279D /* ShakeAnimation.swift */; };
		4CA6E53C1BE4145D007491A7 /* NotificationManager.swift in Sources */ = {isa = PBXBuildFile; fileRef = 4CA6E53B1BE4145D007491A7 /* NotificationManager.swift */; };
		4CA6E5431BE421EE007491A7 /* Task+CoreDataProperties.swift in Sources */ = {isa = PBXBuildFile; fileRef = 4CA6E53D1BE421EE007491A7 /* Task+CoreDataProperties.swift */; };
		4CA6E5441BE421EE007491A7 /* Task.swift in Sources */ = {isa = PBXBuildFile; fileRef = 4CA6E53E1BE421EE007491A7 /* Task.swift */; };
		4CA6E5451BE421EE007491A7 /* Course+CoreDataProperties.swift in Sources */ = {isa = PBXBuildFile; fileRef = 4CA6E53F1BE421EE007491A7 /* Course+CoreDataProperties.swift */; };
		4CA6E5461BE421EE007491A7 /* Course.swift in Sources */ = {isa = PBXBuildFile; fileRef = 4CA6E5401BE421EE007491A7 /* Course.swift */; };
		4CA6E5471BE421EE007491A7 /* Variant+CoreDataProperties.swift in Sources */ = {isa = PBXBuildFile; fileRef = 4CA6E5411BE421EE007491A7 /* Variant+CoreDataProperties.swift */; };
		4CA6E5481BE421EE007491A7 /* Variant.swift in Sources */ = {isa = PBXBuildFile; fileRef = 4CA6E5421BE421EE007491A7 /* Variant.swift */; };
		4CA6E54B1BE78A6D007491A7 /* NotificationCell.swift in Sources */ = {isa = PBXBuildFile; fileRef = 4CA6E54A1BE78A6D007491A7 /* NotificationCell.swift */; };
		4CC040791BCD84DF0067A54E /* NetworkManager.swift in Sources */ = {isa = PBXBuildFile; fileRef = 4CC040781BCD84DF0067A54E /* NetworkManager.swift */; };
		4CC0407B1BCD89190067A54E /* cacert.cer in Resources */ = {isa = PBXBuildFile; fileRef = 4CC0407A1BCD89190067A54E /* cacert.cer */; };
		4CDDDC301BCC187900F96360 /* AppDelegate.swift in Sources */ = {isa = PBXBuildFile; fileRef = 4CDDDC2F1BCC187900F96360 /* AppDelegate.swift */; };
		4CDDDC321BCC187900F96360 /* ViewController.swift in Sources */ = {isa = PBXBuildFile; fileRef = 4CDDDC311BCC187900F96360 /* ViewController.swift */; };
		4CDDDC351BCC187900F96360 /* Main.storyboard in Resources */ = {isa = PBXBuildFile; fileRef = 4CDDDC331BCC187900F96360 /* Main.storyboard */; };
		4CDDDC381BCC187900F96360 /* WIS.xcdatamodeld in Sources */ = {isa = PBXBuildFile; fileRef = 4CDDDC361BCC187900F96360 /* WIS.xcdatamodeld */; };
		4CDDDC3A1BCC187900F96360 /* Assets.xcassets in Resources */ = {isa = PBXBuildFile; fileRef = 4CDDDC391BCC187900F96360 /* Assets.xcassets */; };
		4CDDDC3D1BCC187900F96360 /* LaunchScreen.storyboard in Resources */ = {isa = PBXBuildFile; fileRef = 4CDDDC3B1BCC187900F96360 /* LaunchScreen.storyboard */; };
		4CDDDC481BCC187900F96360 /* WISTests.swift in Sources */ = {isa = PBXBuildFile; fileRef = 4CDDDC471BCC187900F96360 /* WISTests.swift */; };
		4CDDDC531BCC187A00F96360 /* WISUITests.swift in Sources */ = {isa = PBXBuildFile; fileRef = 4CDDDC521BCC187A00F96360 /* WISUITests.swift */; };
		4CF73D9D1C0DCC260085D6A9 /* SelectNotificationCell.swift in Sources */ = {isa = PBXBuildFile; fileRef = 4CF73D9C1C0DCC260085D6A9 /* SelectNotificationCell.swift */; };
		4CFD54C71BF17316000EF301 /* Reachability.swift in Sources */ = {isa = PBXBuildFile; fileRef = 4CFD54C61BF17316000EF301 /* Reachability.swift */; };
		4CFD54CA1BF22253000EF301 /* NotificationStack+CoreDataProperties.swift in Sources */ = {isa = PBXBuildFile; fileRef = 4CFD54C81BF22253000EF301 /* NotificationStack+CoreDataProperties.swift */; };
		4CFD54CB1BF22253000EF301 /* NotificationStack.swift in Sources */ = {isa = PBXBuildFile; fileRef = 4CFD54C91BF22253000EF301 /* NotificationStack.swift */; };
		4CFF61AA1BDB9BBA00667FE8 /* WISLoginCell.swift in Sources */ = {isa = PBXBuildFile; fileRef = 4CFF61A91BDB9BBA00667FE8 /* WISLoginCell.swift */; };
		4CFF61AD1BDBE29300667FE8 /* KeychainWrapper.m in Sources */ = {isa = PBXBuildFile; fileRef = 4CFF61AC1BDBE29300667FE8 /* KeychainWrapper.m */; };
		4CFF61B51BDC45A100667FE8 /* Data.swift in Sources */ = {isa = PBXBuildFile; fileRef = 4CFF61B41BDC45A100667FE8 /* Data.swift */; };
/* End PBXBuildFile section */

/* Begin PBXContainerItemProxy section */
		4CDDDC441BCC187900F96360 /* PBXContainerItemProxy */ = {
			isa = PBXContainerItemProxy;
			containerPortal = 4CDDDC241BCC187900F96360 /* Project object */;
			proxyType = 1;
			remoteGlobalIDString = 4CDDDC2B1BCC187900F96360;
			remoteInfo = WIS;
		};
		4CDDDC4F1BCC187A00F96360 /* PBXContainerItemProxy */ = {
			isa = PBXContainerItemProxy;
			containerPortal = 4CDDDC241BCC187900F96360 /* Project object */;
			proxyType = 1;
			remoteGlobalIDString = 4CDDDC2B1BCC187900F96360;
			remoteInfo = WIS;
		};
/* End PBXContainerItemProxy section */

/* Begin PBXFileReference section */
		4C41CE531BF1198200133A5F /* SimpleNotificationCell.swift */ = {isa = PBXFileReference; fileEncoding = 4; lastKnownFileType = sourcecode.swift; path = SimpleNotificationCell.swift; sourceTree = "<group>"; };
		4C8EC6351C02871F00CB8980 /* FBLoginCell.swift */ = {isa = PBXFileReference; fileEncoding = 4; lastKnownFileType = sourcecode.swift; path = FBLoginCell.swift; sourceTree = "<group>"; };
		4C9411431C1B7C1A00C6279D /* ShakeAnimation.swift */ = {isa = PBXFileReference; fileEncoding = 4; lastKnownFileType = sourcecode.swift; path = ShakeAnimation.swift; sourceTree = "<group>"; };
		4CA6E53B1BE4145D007491A7 /* NotificationManager.swift */ = {isa = PBXFileReference; fileEncoding = 4; lastKnownFileType = sourcecode.swift; path = NotificationManager.swift; sourceTree = "<group>"; };
		4CA6E53D1BE421EE007491A7 /* Task+CoreDataProperties.swift */ = {isa = PBXFileReference; fileEncoding = 4; lastKnownFileType = sourcecode.swift; path = "Task+CoreDataProperties.swift"; sourceTree = "<group>"; };
		4CA6E53E1BE421EE007491A7 /* Task.swift */ = {isa = PBXFileReference; fileEncoding = 4; lastKnownFileType = sourcecode.swift; path = Task.swift; sourceTree = "<group>"; };
		4CA6E53F1BE421EE007491A7 /* Course+CoreDataProperties.swift */ = {isa = PBXFileReference; fileEncoding = 4; lastKnownFileType = sourcecode.swift; path = "Course+CoreDataProperties.swift"; sourceTree = "<group>"; };
		4CA6E5401BE421EE007491A7 /* Course.swift */ = {isa = PBXFileReference; fileEncoding = 4; lastKnownFileType = sourcecode.swift; path = Course.swift; sourceTree = "<group>"; };
		4CA6E5411BE421EE007491A7 /* Variant+CoreDataProperties.swift */ = {isa = PBXFileReference; fileEncoding = 4; lastKnownFileType = sourcecode.swift; path = "Variant+CoreDataProperties.swift"; sourceTree = "<group>"; };
		4CA6E5421BE421EE007491A7 /* Variant.swift */ = {isa = PBXFileReference; fileEncoding = 4; lastKnownFileType = sourcecode.swift; path = Variant.swift; sourceTree = "<group>"; };
		4CA6E54A1BE78A6D007491A7 /* NotificationCell.swift */ = {isa = PBXFileReference; fileEncoding = 4; lastKnownFileType = sourcecode.swift; path = NotificationCell.swift; sourceTree = "<group>"; };
		4CC040751BCD67910067A54E /* WIS-Bridging-Header.h */ = {isa = PBXFileReference; lastKnownFileType = sourcecode.c.h; path = "WIS-Bridging-Header.h"; sourceTree = SOURCE_ROOT; };
		4CC040781BCD84DF0067A54E /* NetworkManager.swift */ = {isa = PBXFileReference; fileEncoding = 4; lastKnownFileType = sourcecode.swift; path = NetworkManager.swift; sourceTree = "<group>"; };
		4CC0407A1BCD89190067A54E /* cacert.cer */ = {isa = PBXFileReference; lastKnownFileType = file; path = cacert.cer; sourceTree = SOURCE_ROOT; };
		4CDDDC2C1BCC187900F96360 /* WIS.app */ = {isa = PBXFileReference; explicitFileType = wrapper.application; includeInIndex = 0; path = WIS.app; sourceTree = BUILT_PRODUCTS_DIR; };
		4CDDDC2F1BCC187900F96360 /* AppDelegate.swift */ = {isa = PBXFileReference; lastKnownFileType = sourcecode.swift; path = AppDelegate.swift; sourceTree = "<group>"; };
		4CDDDC311BCC187900F96360 /* ViewController.swift */ = {isa = PBXFileReference; lastKnownFileType = sourcecode.swift; path = ViewController.swift; sourceTree = "<group>"; };
		4CDDDC341BCC187900F96360 /* Base */ = {isa = PBXFileReference; lastKnownFileType = file.storyboard; name = Base; path = Base.lproj/Main.storyboard; sourceTree = "<group>"; };
		4CDDDC371BCC187900F96360 /* WIS.xcdatamodel */ = {isa = PBXFileReference; lastKnownFileType = wrapper.xcdatamodel; path = WIS.xcdatamodel; sourceTree = "<group>"; };
		4CDDDC391BCC187900F96360 /* Assets.xcassets */ = {isa = PBXFileReference; lastKnownFileType = folder.assetcatalog; path = Assets.xcassets; sourceTree = "<group>"; };
		4CDDDC3C1BCC187900F96360 /* Base */ = {isa = PBXFileReference; lastKnownFileType = file.storyboard; name = Base; path = Base.lproj/LaunchScreen.storyboard; sourceTree = "<group>"; };
		4CDDDC3E1BCC187900F96360 /* Info.plist */ = {isa = PBXFileReference; lastKnownFileType = text.plist.xml; path = Info.plist; sourceTree = "<group>"; };
		4CDDDC431BCC187900F96360 /* WISTests.xctest */ = {isa = PBXFileReference; explicitFileType = wrapper.cfbundle; includeInIndex = 0; path = WISTests.xctest; sourceTree = BUILT_PRODUCTS_DIR; };
		4CDDDC471BCC187900F96360 /* WISTests.swift */ = {isa = PBXFileReference; lastKnownFileType = sourcecode.swift; path = WISTests.swift; sourceTree = "<group>"; };
		4CDDDC491BCC187900F96360 /* Info.plist */ = {isa = PBXFileReference; lastKnownFileType = text.plist.xml; path = Info.plist; sourceTree = "<group>"; };
		4CDDDC4E1BCC187A00F96360 /* WISUITests.xctest */ = {isa = PBXFileReference; explicitFileType = wrapper.cfbundle; includeInIndex = 0; path = WISUITests.xctest; sourceTree = BUILT_PRODUCTS_DIR; };
		4CDDDC521BCC187A00F96360 /* WISUITests.swift */ = {isa = PBXFileReference; lastKnownFileType = sourcecode.swift; path = WISUITests.swift; sourceTree = "<group>"; };
		4CDDDC541BCC187A00F96360 /* Info.plist */ = {isa = PBXFileReference; lastKnownFileType = text.plist.xml; path = Info.plist; sourceTree = "<group>"; };
		4CF73D9C1C0DCC260085D6A9 /* SelectNotificationCell.swift */ = {isa = PBXFileReference; fileEncoding = 4; lastKnownFileType = sourcecode.swift; path = SelectNotificationCell.swift; sourceTree = "<group>"; };
		4CFD54C61BF17316000EF301 /* Reachability.swift */ = {isa = PBXFileReference; fileEncoding = 4; lastKnownFileType = sourcecode.swift; path = Reachability.swift; sourceTree = "<group>"; };
		4CFD54C81BF22253000EF301 /* NotificationStack+CoreDataProperties.swift */ = {isa = PBXFileReference; fileEncoding = 4; lastKnownFileType = sourcecode.swift; path = "NotificationStack+CoreDataProperties.swift"; sourceTree = "<group>"; };
		4CFD54C91BF22253000EF301 /* NotificationStack.swift */ = {isa = PBXFileReference; fileEncoding = 4; lastKnownFileType = sourcecode.swift; path = NotificationStack.swift; sourceTree = "<group>"; };
		4CFF61A91BDB9BBA00667FE8 /* WISLoginCell.swift */ = {isa = PBXFileReference; fileEncoding = 4; lastKnownFileType = sourcecode.swift; path = WISLoginCell.swift; sourceTree = "<group>"; };
		4CFF61AB1BDBE29300667FE8 /* KeychainWrapper.h */ = {isa = PBXFileReference; fileEncoding = 4; lastKnownFileType = sourcecode.c.h; path = KeychainWrapper.h; sourceTree = "<group>"; };
		4CFF61AC1BDBE29300667FE8 /* KeychainWrapper.m */ = {isa = PBXFileReference; fileEncoding = 4; lastKnownFileType = sourcecode.c.objc; path = KeychainWrapper.m; sourceTree = "<group>"; };
		4CFF61B41BDC45A100667FE8 /* Data.swift */ = {isa = PBXFileReference; fileEncoding = 4; lastKnownFileType = sourcecode.swift; path = Data.swift; sourceTree = "<group>"; };
		4CFF61B61BDC4A1000667FE8 /* WIS-Bridging-Header.h */ = {isa = PBXFileReference; lastKnownFileType = sourcecode.c.h; path = "WIS-Bridging-Header.h"; sourceTree = "<group>"; };
		83AC73194BF0A4DE3106FC5F /* Pods.release.xcconfig */ = {isa = PBXFileReference; includeInIndex = 1; lastKnownFileType = text.xcconfig; name = Pods.release.xcconfig; path = "Pods/Target Support Files/Pods/Pods.release.xcconfig"; sourceTree = "<group>"; };
		AD0E0F201B32E58021EC5FC9 /* Pods.framework */ = {isa = PBXFileReference; explicitFileType = wrapper.framework; includeInIndex = 0; path = Pods.framework; sourceTree = BUILT_PRODUCTS_DIR; };
		CBE7C9CFE585397F5FEC7A83 /* Pods.debug.xcconfig */ = {isa = PBXFileReference; includeInIndex = 1; lastKnownFileType = text.xcconfig; name = Pods.debug.xcconfig; path = "Pods/Target Support Files/Pods/Pods.debug.xcconfig"; sourceTree = "<group>"; };
/* End PBXFileReference section */

/* Begin PBXFrameworksBuildPhase section */
		4CDDDC291BCC187900F96360 /* Frameworks */ = {
			isa = PBXFrameworksBuildPhase;
			buildActionMask = 2147483647;
			files = (
				3CB09C2C8CD47F3AFD8ECF2C /* Pods.framework in Frameworks */,
			);
			runOnlyForDeploymentPostprocessing = 0;
		};
		4CDDDC401BCC187900F96360 /* Frameworks */ = {
			isa = PBXFrameworksBuildPhase;
			buildActionMask = 2147483647;
			files = (
			);
			runOnlyForDeploymentPostprocessing = 0;
		};
		4CDDDC4B1BCC187900F96360 /* Frameworks */ = {
			isa = PBXFrameworksBuildPhase;
			buildActionMask = 2147483647;
			files = (
			);
			runOnlyForDeploymentPostprocessing = 0;
		};
/* End PBXFrameworksBuildPhase section */

/* Begin PBXGroup section */
		017AC00ABC01D9DD4A383124 /* Frameworks */ = {
			isa = PBXGroup;
			children = (
				AD0E0F201B32E58021EC5FC9 /* Pods.framework */,
			);
			name = Frameworks;
			sourceTree = "<group>";
		};
		4CA6E5381BE292E7007491A7 /* Cells */ = {
			isa = PBXGroup;
			children = (
				4C8EC6351C02871F00CB8980 /* FBLoginCell.swift */,
				4CFF61A91BDB9BBA00667FE8 /* WISLoginCell.swift */,
				4CA6E54A1BE78A6D007491A7 /* NotificationCell.swift */,
				4C41CE531BF1198200133A5F /* SimpleNotificationCell.swift */,
				4CF73D9C1C0DCC260085D6A9 /* SelectNotificationCell.swift */,
			);
			name = Cells;
			sourceTree = "<group>";
		};
		4CA6E5391BE29305007491A7 /* Controllers */ = {
			isa = PBXGroup;
			children = (
				4CDDDC311BCC187900F96360 /* ViewController.swift */,
			);
			name = Controllers;
			sourceTree = "<group>";
		};
		4CA6E53A1BE29338007491A7 /* Other */ = {
			isa = PBXGroup;
			children = (
				4CDDDC3B1BCC187900F96360 /* LaunchScreen.storyboard */,
				4CFF61B61BDC4A1000667FE8 /* WIS-Bridging-Header.h */,
				4CDDDC2F1BCC187900F96360 /* AppDelegate.swift */,
				4CC0407A1BCD89190067A54E /* cacert.cer */,
				4CFF61B41BDC45A100667FE8 /* Data.swift */,
				4CC040781BCD84DF0067A54E /* NetworkManager.swift */,
				4CDDDC3E1BCC187900F96360 /* Info.plist */,
				4CFF61AB1BDBE29300667FE8 /* KeychainWrapper.h */,
				4CFF61AC1BDBE29300667FE8 /* KeychainWrapper.m */,
			);
			name = Other;
			sourceTree = "<group>";
		};
		4CA6E5491BE42664007491A7 /* DataModel */ = {
			isa = PBXGroup;
			children = (
				4CFD54C81BF22253000EF301 /* NotificationStack+CoreDataProperties.swift */,
				4CFD54C91BF22253000EF301 /* NotificationStack.swift */,
				4CA6E53D1BE421EE007491A7 /* Task+CoreDataProperties.swift */,
				4CA6E53E1BE421EE007491A7 /* Task.swift */,
				4CA6E53F1BE421EE007491A7 /* Course+CoreDataProperties.swift */,
				4CA6E5401BE421EE007491A7 /* Course.swift */,
				4CA6E5411BE421EE007491A7 /* Variant+CoreDataProperties.swift */,
				4CA6E5421BE421EE007491A7 /* Variant.swift */,
			);
			name = DataModel;
			path = ..;
			sourceTree = "<group>";
		};
		4CDDDC231BCC187900F96360 = {
			isa = PBXGroup;
			children = (
				4CDDDC2E1BCC187900F96360 /* WIS */,
				4CDDDC461BCC187900F96360 /* WISTests */,
				4CDDDC511BCC187A00F96360 /* WISUITests */,
				4CDDDC2D1BCC187900F96360 /* Products */,
				BD1AD959480319D1F273B556 /* Pods */,
				017AC00ABC01D9DD4A383124 /* Frameworks */,
			);
			sourceTree = "<group>";
		};
		4CDDDC2D1BCC187900F96360 /* Products */ = {
			isa = PBXGroup;
			children = (
				4CDDDC2C1BCC187900F96360 /* WIS.app */,
				4CDDDC431BCC187900F96360 /* WISTests.xctest */,
				4CDDDC4E1BCC187A00F96360 /* WISUITests.xctest */,
			);
			name = Products;
			sourceTree = "<group>";
		};
		4CDDDC2E1BCC187900F96360 /* WIS */ = {
			isa = PBXGroup;
			children = (
				4CC040751BCD67910067A54E /* WIS-Bridging-Header.h */,
				4CA6E5491BE42664007491A7 /* DataModel */,
				4CA6E5381BE292E7007491A7 /* Cells */,
				4CA6E5391BE29305007491A7 /* Controllers */,
				4CA6E53B1BE4145D007491A7 /* NotificationManager.swift */,
				4CFD54C61BF17316000EF301 /* Reachability.swift */,
				4C9411431C1B7C1A00C6279D /* ShakeAnimation.swift */,
				4CDDDC331BCC187900F96360 /* Main.storyboard */,
				4CDDDC361BCC187900F96360 /* WIS.xcdatamodeld */,
				4CDDDC391BCC187900F96360 /* Assets.xcassets */,
				4CA6E53A1BE29338007491A7 /* Other */,
			);
			path = WIS;
			sourceTree = "<group>";
		};
		4CDDDC461BCC187900F96360 /* WISTests */ = {
			isa = PBXGroup;
			children = (
				4CDDDC471BCC187900F96360 /* WISTests.swift */,
				4CDDDC491BCC187900F96360 /* Info.plist */,
			);
			path = WISTests;
			sourceTree = "<group>";
		};
		4CDDDC511BCC187A00F96360 /* WISUITests */ = {
			isa = PBXGroup;
			children = (
				4CDDDC521BCC187A00F96360 /* WISUITests.swift */,
				4CDDDC541BCC187A00F96360 /* Info.plist */,
			);
			path = WISUITests;
			sourceTree = "<group>";
		};
		BD1AD959480319D1F273B556 /* Pods */ = {
			isa = PBXGroup;
			children = (
				CBE7C9CFE585397F5FEC7A83 /* Pods.debug.xcconfig */,
				83AC73194BF0A4DE3106FC5F /* Pods.release.xcconfig */,
			);
			name = Pods;
			sourceTree = "<group>";
		};
/* End PBXGroup section */

/* Begin PBXNativeTarget section */
		4CDDDC2B1BCC187900F96360 /* WIS */ = {
			isa = PBXNativeTarget;
			buildConfigurationList = 4CDDDC571BCC187A00F96360 /* Build configuration list for PBXNativeTarget "WIS" */;
			buildPhases = (
				07D841AAEF41CD678F6DDA08 /* Check Pods Manifest.lock */,
				4CDDDC281BCC187900F96360 /* Sources */,
				4CDDDC291BCC187900F96360 /* Frameworks */,
				4CDDDC2A1BCC187900F96360 /* Resources */,
				1D7CA4A1A040928D812B0454 /* Embed Pods Frameworks */,
				CBF32B384E0FFE99067FF507 /* Copy Pods Resources */,
			);
			buildRules = (
			);
			dependencies = (
			);
			name = WIS;
			productName = WIS;
			productReference = 4CDDDC2C1BCC187900F96360 /* WIS.app */;
			productType = "com.apple.product-type.application";
		};
		4CDDDC421BCC187900F96360 /* WISTests */ = {
			isa = PBXNativeTarget;
			buildConfigurationList = 4CDDDC5A1BCC187A00F96360 /* Build configuration list for PBXNativeTarget "WISTests" */;
			buildPhases = (
				4CDDDC3F1BCC187900F96360 /* Sources */,
				4CDDDC401BCC187900F96360 /* Frameworks */,
				4CDDDC411BCC187900F96360 /* Resources */,
			);
			buildRules = (
			);
			dependencies = (
				4CDDDC451BCC187900F96360 /* PBXTargetDependency */,
			);
			name = WISTests;
			productName = WISTests;
			productReference = 4CDDDC431BCC187900F96360 /* WISTests.xctest */;
			productType = "com.apple.product-type.bundle.unit-test";
		};
		4CDDDC4D1BCC187900F96360 /* WISUITests */ = {
			isa = PBXNativeTarget;
			buildConfigurationList = 4CDDDC5D1BCC187A00F96360 /* Build configuration list for PBXNativeTarget "WISUITests" */;
			buildPhases = (
				4CDDDC4A1BCC187900F96360 /* Sources */,
				4CDDDC4B1BCC187900F96360 /* Frameworks */,
				4CDDDC4C1BCC187900F96360 /* Resources */,
			);
			buildRules = (
			);
			dependencies = (
				4CDDDC501BCC187A00F96360 /* PBXTargetDependency */,
			);
			name = WISUITests;
			productName = WISUITests;
			productReference = 4CDDDC4E1BCC187A00F96360 /* WISUITests.xctest */;
			productType = "com.apple.product-type.bundle.ui-testing";
		};
/* End PBXNativeTarget section */

/* Begin PBXProject section */
		4CDDDC241BCC187900F96360 /* Project object */ = {
			isa = PBXProject;
			attributes = {
				LastSwiftUpdateCheck = 0700;
				LastUpgradeCheck = 0700;
				ORGANIZATIONNAME = "Tomas Scavnicky";
				TargetAttributes = {
					4CDDDC2B1BCC187900F96360 = {
						CreatedOnToolsVersion = 7.0.1;
						DevelopmentTeam = VL9G7P7P42;
					};
					4CDDDC421BCC187900F96360 = {
						CreatedOnToolsVersion = 7.0.1;
						DevelopmentTeam = VL9G7P7P42;
						TestTargetID = 4CDDDC2B1BCC187900F96360;
					};
					4CDDDC4D1BCC187900F96360 = {
						CreatedOnToolsVersion = 7.0.1;
						DevelopmentTeam = VL9G7P7P42;
						TestTargetID = 4CDDDC2B1BCC187900F96360;
					};
				};
			};
			buildConfigurationList = 4CDDDC271BCC187900F96360 /* Build configuration list for PBXProject "WIS" */;
			compatibilityVersion = "Xcode 3.2";
			developmentRegion = English;
			hasScannedForEncodings = 0;
			knownRegions = (
				en,
				Base,
			);
			mainGroup = 4CDDDC231BCC187900F96360;
			productRefGroup = 4CDDDC2D1BCC187900F96360 /* Products */;
			projectDirPath = "";
			projectRoot = "";
			targets = (
				4CDDDC2B1BCC187900F96360 /* WIS */,
				4CDDDC421BCC187900F96360 /* WISTests */,
				4CDDDC4D1BCC187900F96360 /* WISUITests */,
			);
		};
/* End PBXProject section */

/* Begin PBXResourcesBuildPhase section */
		4CDDDC2A1BCC187900F96360 /* Resources */ = {
			isa = PBXResourcesBuildPhase;
			buildActionMask = 2147483647;
			files = (
				4CC0407B1BCD89190067A54E /* cacert.cer in Resources */,
				4CDDDC3D1BCC187900F96360 /* LaunchScreen.storyboard in Resources */,
				4CDDDC3A1BCC187900F96360 /* Assets.xcassets in Resources */,
				4CDDDC351BCC187900F96360 /* Main.storyboard in Resources */,
			);
			runOnlyForDeploymentPostprocessing = 0;
		};
		4CDDDC411BCC187900F96360 /* Resources */ = {
			isa = PBXResourcesBuildPhase;
			buildActionMask = 2147483647;
			files = (
			);
			runOnlyForDeploymentPostprocessing = 0;
		};
		4CDDDC4C1BCC187900F96360 /* Resources */ = {
			isa = PBXResourcesBuildPhase;
			buildActionMask = 2147483647;
			files = (
			);
			runOnlyForDeploymentPostprocessing = 0;
		};
/* End PBXResourcesBuildPhase section */

/* Begin PBXShellScriptBuildPhase section */
		07D841AAEF41CD678F6DDA08 /* Check Pods Manifest.lock */ = {
			isa = PBXShellScriptBuildPhase;
			buildActionMask = 2147483647;
			files = (
			);
			inputPaths = (
			);
			name = "Check Pods Manifest.lock";
			outputPaths = (
			);
			runOnlyForDeploymentPostprocessing = 0;
			shellPath = /bin/sh;
			shellScript = "diff \"${PODS_ROOT}/../Podfile.lock\" \"${PODS_ROOT}/Manifest.lock\" > /dev/null\nif [[ $? != 0 ]] ; then\n    cat << EOM\nerror: The sandbox is not in sync with the Podfile.lock. Run 'pod install' or update your CocoaPods installation.\nEOM\n    exit 1\nfi\n";
			showEnvVarsInLog = 0;
		};
		1D7CA4A1A040928D812B0454 /* Embed Pods Frameworks */ = {
			isa = PBXShellScriptBuildPhase;
			buildActionMask = 2147483647;
			files = (
			);
			inputPaths = (
			);
			name = "Embed Pods Frameworks";
			outputPaths = (
			);
			runOnlyForDeploymentPostprocessing = 0;
			shellPath = /bin/sh;
			shellScript = "\"${SRCROOT}/Pods/Target Support Files/Pods/Pods-frameworks.sh\"\n";
			showEnvVarsInLog = 0;
		};
		CBF32B384E0FFE99067FF507 /* Copy Pods Resources */ = {
			isa = PBXShellScriptBuildPhase;
			buildActionMask = 2147483647;
			files = (
			);
			inputPaths = (
			);
			name = "Copy Pods Resources";
			outputPaths = (
			);
			runOnlyForDeploymentPostprocessing = 0;
			shellPath = /bin/sh;
			shellScript = "\"${SRCROOT}/Pods/Target Support Files/Pods/Pods-resources.sh\"\n";
			showEnvVarsInLog = 0;
		};
/* End PBXShellScriptBuildPhase section */

/* Begin PBXSourcesBuildPhase section */
		4CDDDC281BCC187900F96360 /* Sources */ = {
			isa = PBXSourcesBuildPhase;
			buildActionMask = 2147483647;
			files = (
				4C8EC6361C02871F00CB8980 /* FBLoginCell.swift in Sources */,
				4CA6E5461BE421EE007491A7 /* Course.swift in Sources */,
				4C41CE541BF1198200133A5F /* SimpleNotificationCell.swift in Sources */,
				4CFD54CA1BF22253000EF301 /* NotificationStack+CoreDataProperties.swift in Sources */,
				4CC040791BCD84DF0067A54E /* NetworkManager.swift in Sources */,
				4CA6E5481BE421EE007491A7 /* Variant.swift in Sources */,
				4CA6E53C1BE4145D007491A7 /* NotificationManager.swift in Sources */,
				4CDDDC321BCC187900F96360 /* ViewController.swift in Sources */,
				4CA6E5441BE421EE007491A7 /* Task.swift in Sources */,
				4CA6E5471BE421EE007491A7 /* Variant+CoreDataProperties.swift in Sources */,
				4CA6E54B1BE78A6D007491A7 /* NotificationCell.swift in Sources */,
				4C9411441C1B7C1A00C6279D /* ShakeAnimation.swift in Sources */,
				4CDDDC301BCC187900F96360 /* AppDelegate.swift in Sources */,
				4CF73D9D1C0DCC260085D6A9 /* SelectNotificationCell.swift in Sources */,
				4CFF61AD1BDBE29300667FE8 /* KeychainWrapper.m in Sources */,
				4CDDDC381BCC187900F96360 /* WIS.xcdatamodeld in Sources */,
				4CFF61AA1BDB9BBA00667FE8 /* WISLoginCell.swift in Sources */,
				4CFD54CB1BF22253000EF301 /* NotificationStack.swift in Sources */,
				4CFD54C71BF17316000EF301 /* Reachability.swift in Sources */,
				4CA6E5431BE421EE007491A7 /* Task+CoreDataProperties.swift in Sources */,
				4CA6E5451BE421EE007491A7 /* Course+CoreDataProperties.swift in Sources */,
				4CFF61B51BDC45A100667FE8 /* Data.swift in Sources */,
			);
			runOnlyForDeploymentPostprocessing = 0;
		};
		4CDDDC3F1BCC187900F96360 /* Sources */ = {
			isa = PBXSourcesBuildPhase;
			buildActionMask = 2147483647;
			files = (
				4CDDDC481BCC187900F96360 /* WISTests.swift in Sources */,
			);
			runOnlyForDeploymentPostprocessing = 0;
		};
		4CDDDC4A1BCC187900F96360 /* Sources */ = {
			isa = PBXSourcesBuildPhase;
			buildActionMask = 2147483647;
			files = (
				4CDDDC531BCC187A00F96360 /* WISUITests.swift in Sources */,
			);
			runOnlyForDeploymentPostprocessing = 0;
		};
/* End PBXSourcesBuildPhase section */

/* Begin PBXTargetDependency section */
		4CDDDC451BCC187900F96360 /* PBXTargetDependency */ = {
			isa = PBXTargetDependency;
			target = 4CDDDC2B1BCC187900F96360 /* WIS */;
			targetProxy = 4CDDDC441BCC187900F96360 /* PBXContainerItemProxy */;
		};
		4CDDDC501BCC187A00F96360 /* PBXTargetDependency */ = {
			isa = PBXTargetDependency;
			target = 4CDDDC2B1BCC187900F96360 /* WIS */;
			targetProxy = 4CDDDC4F1BCC187A00F96360 /* PBXContainerItemProxy */;
		};
/* End PBXTargetDependency section */

/* Begin PBXVariantGroup section */
		4CDDDC331BCC187900F96360 /* Main.storyboard */ = {
			isa = PBXVariantGroup;
			children = (
				4CDDDC341BCC187900F96360 /* Base */,
			);
			name = Main.storyboard;
			sourceTree = "<group>";
		};
		4CDDDC3B1BCC187900F96360 /* LaunchScreen.storyboard */ = {
			isa = PBXVariantGroup;
			children = (
				4CDDDC3C1BCC187900F96360 /* Base */,
			);
			name = LaunchScreen.storyboard;
			sourceTree = "<group>";
		};
/* End PBXVariantGroup section */

/* Begin XCBuildConfiguration section */
		4CDDDC551BCC187A00F96360 /* Debug */ = {
			isa = XCBuildConfiguration;
			buildSettings = {
				ALWAYS_SEARCH_USER_PATHS = NO;
				CLANG_CXX_LANGUAGE_STANDARD = "gnu++0x";
				CLANG_CXX_LIBRARY = "libc++";
				CLANG_ENABLE_MODULES = YES;
				CLANG_ENABLE_OBJC_ARC = YES;
				CLANG_WARN_BOOL_CONVERSION = YES;
				CLANG_WARN_CONSTANT_CONVERSION = YES;
				CLANG_WARN_DIRECT_OBJC_ISA_USAGE = YES_ERROR;
				CLANG_WARN_EMPTY_BODY = YES;
				CLANG_WARN_ENUM_CONVERSION = YES;
				CLANG_WARN_INT_CONVERSION = YES;
				CLANG_WARN_OBJC_ROOT_CLASS = YES_ERROR;
				CLANG_WARN_UNREACHABLE_CODE = YES;
				CLANG_WARN__DUPLICATE_METHOD_MATCH = YES;
				"CODE_SIGN_IDENTITY[sdk=iphoneos*]" = "iPhone Developer";
				COPY_PHASE_STRIP = NO;
				DEBUG_INFORMATION_FORMAT = dwarf;
				ENABLE_STRICT_OBJC_MSGSEND = YES;
				ENABLE_TESTABILITY = YES;
				GCC_C_LANGUAGE_STANDARD = gnu99;
				GCC_DYNAMIC_NO_PIC = NO;
				GCC_NO_COMMON_BLOCKS = YES;
				GCC_OPTIMIZATION_LEVEL = 0;
				GCC_PREPROCESSOR_DEFINITIONS = (
					"DEBUG=1",
					"$(inherited)",
				);
				GCC_WARN_64_TO_32_BIT_CONVERSION = YES;
				GCC_WARN_ABOUT_RETURN_TYPE = YES_ERROR;
				GCC_WARN_UNDECLARED_SELECTOR = YES;
				GCC_WARN_UNINITIALIZED_AUTOS = YES_AGGRESSIVE;
				GCC_WARN_UNUSED_FUNCTION = YES;
				GCC_WARN_UNUSED_VARIABLE = YES;
				IPHONEOS_DEPLOYMENT_TARGET = 8.0;
				MTL_ENABLE_DEBUG_INFO = YES;
				ONLY_ACTIVE_ARCH = YES;
				SDKROOT = iphoneos;
				SWIFT_OPTIMIZATION_LEVEL = "-Onone";
			};
			name = Debug;
		};
		4CDDDC561BCC187A00F96360 /* Release */ = {
			isa = XCBuildConfiguration;
			buildSettings = {
				ALWAYS_SEARCH_USER_PATHS = NO;
				CLANG_CXX_LANGUAGE_STANDARD = "gnu++0x";
				CLANG_CXX_LIBRARY = "libc++";
				CLANG_ENABLE_MODULES = YES;
				CLANG_ENABLE_OBJC_ARC = YES;
				CLANG_WARN_BOOL_CONVERSION = YES;
				CLANG_WARN_CONSTANT_CONVERSION = YES;
				CLANG_WARN_DIRECT_OBJC_ISA_USAGE = YES_ERROR;
				CLANG_WARN_EMPTY_BODY = YES;
				CLANG_WARN_ENUM_CONVERSION = YES;
				CLANG_WARN_INT_CONVERSION = YES;
				CLANG_WARN_OBJC_ROOT_CLASS = YES_ERROR;
				CLANG_WARN_UNREACHABLE_CODE = YES;
				CLANG_WARN__DUPLICATE_METHOD_MATCH = YES;
				"CODE_SIGN_IDENTITY[sdk=iphoneos*]" = "iPhone Developer";
				COPY_PHASE_STRIP = NO;
				DEBUG_INFORMATION_FORMAT = "dwarf-with-dsym";
				ENABLE_NS_ASSERTIONS = NO;
				ENABLE_STRICT_OBJC_MSGSEND = YES;
				GCC_C_LANGUAGE_STANDARD = gnu99;
				GCC_NO_COMMON_BLOCKS = YES;
				GCC_WARN_64_TO_32_BIT_CONVERSION = YES;
				GCC_WARN_ABOUT_RETURN_TYPE = YES_ERROR;
				GCC_WARN_UNDECLARED_SELECTOR = YES;
				GCC_WARN_UNINITIALIZED_AUTOS = YES_AGGRESSIVE;
				GCC_WARN_UNUSED_FUNCTION = YES;
				GCC_WARN_UNUSED_VARIABLE = YES;
				IPHONEOS_DEPLOYMENT_TARGET = 8.0;
				MTL_ENABLE_DEBUG_INFO = NO;
				SDKROOT = iphoneos;
				VALIDATE_PRODUCT = YES;
			};
			name = Release;
		};
		4CDDDC581BCC187A00F96360 /* Debug */ = {
			isa = XCBuildConfiguration;
			baseConfigurationReference = CBE7C9CFE585397F5FEC7A83 /* Pods.debug.xcconfig */;
			buildSettings = {
				ASSETCATALOG_COMPILER_APPICON_NAME = AppIcon;
				CLANG_ENABLE_MODULES = YES;
				INFOPLIST_FILE = WIS/Info.plist;
				IPHONEOS_DEPLOYMENT_TARGET = 8.0;
				LD_RUNPATH_SEARCH_PATHS = "$(inherited) @executable_path/Frameworks";
				PRODUCT_BUNDLE_IDENTIFIER = com.tomasscavnicky.dev.WIS;
				PRODUCT_NAME = "$(TARGET_NAME)";
				SWIFT_OBJC_BRIDGING_HEADER = "WIS/WIS-Bridging-Header.h";
				SWIFT_OBJC_INTERFACE_HEADER_NAME = "";
				SWIFT_OPTIMIZATION_LEVEL = "-Onone";
			};
			name = Debug;
		};
		4CDDDC591BCC187A00F96360 /* Release */ = {
			isa = XCBuildConfiguration;
			baseConfigurationReference = 83AC73194BF0A4DE3106FC5F /* Pods.release.xcconfig */;
			buildSettings = {
				ASSETCATALOG_COMPILER_APPICON_NAME = AppIcon;
				CLANG_ENABLE_MODULES = YES;
				INFOPLIST_FILE = WIS/Info.plist;
				IPHONEOS_DEPLOYMENT_TARGET = 8.0;
				LD_RUNPATH_SEARCH_PATHS = "$(inherited) @executable_path/Frameworks";
				PRODUCT_BUNDLE_IDENTIFIER = com.tomasscavnicky.dev.WIS;
				PRODUCT_NAME = "$(TARGET_NAME)";
				SWIFT_OBJC_BRIDGING_HEADER = "WIS/WIS-Bridging-Header.h";
				SWIFT_OBJC_INTERFACE_HEADER_NAME = "";
			};
			name = Release;
		};
		4CDDDC5B1BCC187A00F96360 /* Debug */ = {
			isa = XCBuildConfiguration;
			buildSettings = {
				BUNDLE_LOADER = "$(TEST_HOST)";
				INFOPLIST_FILE = WISTests/Info.plist;
				LD_RUNPATH_SEARCH_PATHS = "$(inherited) @executable_path/Frameworks @loader_path/Frameworks";
				PRODUCT_BUNDLE_IDENTIFIER = me.tomasscavnicky.WISTests;
				PRODUCT_NAME = "$(TARGET_NAME)";
				TEST_HOST = "$(BUILT_PRODUCTS_DIR)/WIS.app/WIS";
			};
			name = Debug;
		};
		4CDDDC5C1BCC187A00F96360 /* Release */ = {
			isa = XCBuildConfiguration;
			buildSettings = {
				BUNDLE_LOADER = "$(TEST_HOST)";
				INFOPLIST_FILE = WISTests/Info.plist;
				LD_RUNPATH_SEARCH_PATHS = "$(inherited) @executable_path/Frameworks @loader_path/Frameworks";
				PRODUCT_BUNDLE_IDENTIFIER = me.tomasscavnicky.WISTests;
				PRODUCT_NAME = "$(TARGET_NAME)";
				TEST_HOST = "$(BUILT_PRODUCTS_DIR)/WIS.app/WIS";
			};
			name = Release;
		};
		4CDDDC5E1BCC187A00F96360 /* Debug */ = {
			isa = XCBuildConfiguration;
			buildSettings = {
				INFOPLIST_FILE = WISUITests/Info.plist;
				LD_RUNPATH_SEARCH_PATHS = "$(inherited) @executable_path/Frameworks @loader_path/Frameworks";
				PRODUCT_BUNDLE_IDENTIFIER = me.tomasscavnicky.WISUITests;
				PRODUCT_NAME = "$(TARGET_NAME)";
				TEST_TARGET_NAME = WIS;
				USES_XCTRUNNER = YES;
			};
			name = Debug;
		};
		4CDDDC5F1BCC187A00F96360 /* Release */ = {
			isa = XCBuildConfiguration;
			buildSettings = {
				INFOPLIST_FILE = WISUITests/Info.plist;
				LD_RUNPATH_SEARCH_PATHS = "$(inherited) @executable_path/Frameworks @loader_path/Frameworks";
				PRODUCT_BUNDLE_IDENTIFIER = me.tomasscavnicky.WISUITests;
				PRODUCT_NAME = "$(TARGET_NAME)";
				TEST_TARGET_NAME = WIS;
				USES_XCTRUNNER = YES;
			};
			name = Release;
		};
/* End XCBuildConfiguration section */

/* Begin XCConfigurationList section */
		4CDDDC271BCC187900F96360 /* Build configuration list for PBXProject "WIS" */ = {
			isa = XCConfigurationList;
			buildConfigurations = (
				4CDDDC551BCC187A00F96360 /* Debug */,
				4CDDDC561BCC187A00F96360 /* Release */,
			);
			defaultConfigurationIsVisible = 0;
			defaultConfigurationName = Release;
		};
		4CDDDC571BCC187A00F96360 /* Build configuration list for PBXNativeTarget "WIS" */ = {
			isa = XCConfigurationList;
			buildConfigurations = (
				4CDDDC581BCC187A00F96360 /* Debug */,
				4CDDDC591BCC187A00F96360 /* Release */,
			);
			defaultConfigurationIsVisible = 0;
			defaultConfigurationName = Release;
		};
		4CDDDC5A1BCC187A00F96360 /* Build configuration list for PBXNativeTarget "WISTests" */ = {
			isa = XCConfigurationList;
			buildConfigurations = (
				4CDDDC5B1BCC187A00F96360 /* Debug */,
				4CDDDC5C1BCC187A00F96360 /* Release */,
			);
			defaultConfigurationIsVisible = 0;
			defaultConfigurationName = Release;
		};
		4CDDDC5D1BCC187A00F96360 /* Build configuration list for PBXNativeTarget "WISUITests" */ = {
			isa = XCConfigurationList;
			buildConfigurations = (
				4CDDDC5E1BCC187A00F96360 /* Debug */,
				4CDDDC5F1BCC187A00F96360 /* Release */,
			);
			defaultConfigurationIsVisible = 0;
			defaultConfigurationName = Release;
		};
/* End XCConfigurationList section */

/* Begin XCVersionGroup section */
		4CDDDC361BCC187900F96360 /* WIS.xcdatamodeld */ = {
			isa = XCVersionGroup;
			children = (
				4CDDDC371BCC187900F96360 /* WIS.xcdatamodel */,
			);
			currentVersion = 4CDDDC371BCC187900F96360 /* WIS.xcdatamodel */;
			path = WIS.xcdatamodeld;
			sourceTree = "<group>";
			versionGroupType = wrapper.xcdatamodel;
		};
/* End XCVersionGroup section */
	};
	rootObject = 4CDDDC241BCC187900F96360 /* Project object */;
}
